// !$*UTF8*$!
{
	archiveVersion = 1;
	classes = {
	};
	objectVersion = 46;
	objects = {

/* Begin PBXBuildFile section */
		27517C1E1ED8C9C700D7BB7B /* main.m in Sources */ = {isa = PBXBuildFile; fileRef = 27517C1D1ED8C9C700D7BB7B /* main.m */; };
		27517C211ED8C9C700D7BB7B /* AppDelegate.m in Sources */ = {isa = PBXBuildFile; fileRef = 27517C201ED8C9C700D7BB7B /* AppDelegate.m */; };
		27517C241ED8C9C700D7BB7B /* MasterViewController.m in Sources */ = {isa = PBXBuildFile; fileRef = 27517C231ED8C9C700D7BB7B /* MasterViewController.m */; };
		27517C271ED8C9C700D7BB7B /* DetailViewController.m in Sources */ = {isa = PBXBuildFile; fileRef = 27517C261ED8C9C700D7BB7B /* DetailViewController.m */; };
		27517C2A1ED8C9C700D7BB7B /* Main.storyboard in Resources */ = {isa = PBXBuildFile; fileRef = 27517C281ED8C9C700D7BB7B /* Main.storyboard */; };
		27517C2C1ED8C9C700D7BB7B /* Assets.xcassets in Resources */ = {isa = PBXBuildFile; fileRef = 27517C2B1ED8C9C700D7BB7B /* Assets.xcassets */; };
		27517C2F1ED8C9C700D7BB7B /* LaunchScreen.storyboard in Resources */ = {isa = PBXBuildFile; fileRef = 27517C2D1ED8C9C700D7BB7B /* LaunchScreen.storyboard */; };
/* End PBXBuildFile section */

/* Begin PBXFileReference section */
		27517C191ED8C9C700D7BB7B /* AddressbookDemo.app */ = {isa = PBXFileReference; explicitFileType = wrapper.application; includeInIndex = 0; path = AddressbookDemo.app; sourceTree = BUILT_PRODUCTS_DIR; };
		27517C1D1ED8C9C700D7BB7B /* main.m */ = {isa = PBXFileReference; lastKnownFileType = sourcecode.c.objc; path = main.m; sourceTree = "<group>"; };
		27517C1F1ED8C9C700D7BB7B /* AppDelegate.h */ = {isa = PBXFileReference; lastKnownFileType = sourcecode.c.h; path = AppDelegate.h; sourceTree = "<group>"; };
		27517C201ED8C9C700D7BB7B /* AppDelegate.m */ = {isa = PBXFileReference; lastKnownFileType = sourcecode.c.objc; path = AppDelegate.m; sourceTree = "<group>"; };
		27517C221ED8C9C700D7BB7B /* MasterViewController.h */ = {isa = PBXFileReference; lastKnownFileType = sourcecode.c.h; path = MasterViewController.h; sourceTree = "<group>"; };
		27517C231ED8C9C700D7BB7B /* MasterViewController.m */ = {isa = PBXFileReference; lastKnownFileType = sourcecode.c.objc; path = MasterViewController.m; sourceTree = "<group>"; };
		27517C251ED8C9C700D7BB7B /* DetailViewController.h */ = {isa = PBXFileReference; lastKnownFileType = sourcecode.c.h; path = DetailViewController.h; sourceTree = "<group>"; };
		27517C261ED8C9C700D7BB7B /* DetailViewController.m */ = {isa = PBXFileReference; lastKnownFileType = sourcecode.c.objc; path = DetailViewController.m; sourceTree = "<group>"; };
		27517C291ED8C9C700D7BB7B /* Base */ = {isa = PBXFileReference; lastKnownFileType = file.storyboard; name = Base; path = Base.lproj/Main.storyboard; sourceTree = "<group>"; };
		27517C2B1ED8C9C700D7BB7B /* Assets.xcassets */ = {isa = PBXFileReference; lastKnownFileType = folder.assetcatalog; path = Assets.xcassets; sourceTree = "<group>"; };
		27517C2E1ED8C9C700D7BB7B /* Base */ = {isa = PBXFileReference; lastKnownFileType = file.storyboard; name = Base; path = Base.lproj/LaunchScreen.storyboard; sourceTree = "<group>"; };
		27517C301ED8C9C700D7BB7B /* Info.plist */ = {isa = PBXFileReference; lastKnownFileType = text.plist.xml; path = Info.plist; sourceTree = "<group>"; };
/* End PBXFileReference section */

/* Begin PBXFrameworksBuildPhase section */
		27517C161ED8C9C700D7BB7B /* Frameworks */ = {
			isa = PBXFrameworksBuildPhase;
			buildActionMask = 2147483647;
			files = (
			);
			runOnlyForDeploymentPostprocessing = 0;
		};
/* End PBXFrameworksBuildPhase section */

/* Begin PBXGroup section */
		27517C101ED8C9C700D7BB7B = {
			isa = PBXGroup;
			children = (
				27517C1B1ED8C9C700D7BB7B /* AddressbookDemo */,
				27517C1A1ED8C9C700D7BB7B /* Products */,
			);
			sourceTree = "<group>";
		};
		27517C1A1ED8C9C700D7BB7B /* Products */ = {
			isa = PBXGroup;
			children = (
				27517C191ED8C9C700D7BB7B /* AddressbookDemo.app */,
			);
			name = Products;
			sourceTree = "<group>";
		};
		27517C1B1ED8C9C700D7BB7B /* AddressbookDemo */ = {
			isa = PBXGroup;
			children = (
				27517C1F1ED8C9C700D7BB7B /* AppDelegate.h */,
				27517C201ED8C9C700D7BB7B /* AppDelegate.m */,
				27517C221ED8C9C700D7BB7B /* MasterViewController.h */,
				27517C231ED8C9C700D7BB7B /* MasterViewController.m */,
				27517C251ED8C9C700D7BB7B /* DetailViewController.h */,
				27517C261ED8C9C700D7BB7B /* DetailViewController.m */,
				27517C281ED8C9C700D7BB7B /* Main.storyboard */,
				27517C2B1ED8C9C700D7BB7B /* Assets.xcassets */,
				27517C2D1ED8C9C700D7BB7B /* LaunchScreen.storyboard */,
				27517C301ED8C9C700D7BB7B /* Info.plist */,
				27517C1C1ED8C9C700D7BB7B /* Supporting Files */,
			);
			path = AddressbookDemo;
			sourceTree = "<group>";
		};
		27517C1C1ED8C9C700D7BB7B /* Supporting Files */ = {
			isa = PBXGroup;
			children = (
				27517C1D1ED8C9C700D7BB7B /* main.m */,
			);
			name = "Supporting Files";
			sourceTree = "<group>";
		};
/* End PBXGroup section */

/* Begin PBXNativeTarget section */
		27517C181ED8C9C700D7BB7B /* AddressbookDemo */ = {
			isa = PBXNativeTarget;
			buildConfigurationList = 27517C331ED8C9C700D7BB7B /* Build configuration list for PBXNativeTarget "AddressbookDemo" */;
			buildPhases = (
				27517C151ED8C9C700D7BB7B /* Sources */,
				27517C161ED8C9C700D7BB7B /* Frameworks */,
				27517C171ED8C9C700D7BB7B /* Resources */,
			);
			buildRules = (
			);
			dependencies = (
			);
			name = AddressbookDemo;
			productName = AddressbookDemo;
			productReference = 27517C191ED8C9C700D7BB7B /* AddressbookDemo.app */;
			productType = "com.apple.product-type.application";
		};
/* End PBXNativeTarget section */

/* Begin PBXProject section */
		27517C111ED8C9C700D7BB7B /* Project object */ = {
			isa = PBXProject;
			attributes = {
				LastUpgradeCheck = 0830;
				ORGANIZATIONNAME = "Mike Cohen";
				TargetAttributes = {
					27517C181ED8C9C700D7BB7B = {
						CreatedOnToolsVersion = 8.3.2;
						DevelopmentTeam = MJQW94A385;
						ProvisioningStyle = Automatic;
					};
				};
			};
			buildConfigurationList = 27517C141ED8C9C700D7BB7B /* Build configuration list for PBXProject "AddressbookDemo" */;
			compatibilityVersion = "Xcode 3.2";
			developmentRegion = English;
			hasScannedForEncodings = 0;
			knownRegions = (
				en,
				Base,
			);
			mainGroup = 27517C101ED8C9C700D7BB7B;
			productRefGroup = 27517C1A1ED8C9C700D7BB7B /* Products */;
			projectDirPath = "";
			projectRoot = "";
			targets = (
				27517C181ED8C9C700D7BB7B /* AddressbookDemo */,
			);
		};
/* End PBXProject section */

/* Begin PBXResourcesBuildPhase section */
		27517C171ED8C9C700D7BB7B /* Resources */ = {
			isa = PBXResourcesBuildPhase;
			buildActionMask = 2147483647;
			files = (
				27517C2F1ED8C9C700D7BB7B /* LaunchScreen.storyboard in Resources */,
				27517C2C1ED8C9C700D7BB7B /* Assets.xcassets in Resources */,
				27517C2A1ED8C9C700D7BB7B /* Main.storyboard in Resources */,
			);
			runOnlyForDeploymentPostprocessing = 0;
		};
/* End PBXResourcesBuildPhase section */

/* Begin PBXSourcesBuildPhase section */
		27517C151ED8C9C700D7BB7B /* Sources */ = {
			isa = PBXSourcesBuildPhase;
			buildActionMask = 2147483647;
			files = (
				27517C211ED8C9C700D7BB7B /* AppDelegate.m in Sources */,
				27517C241ED8C9C700D7BB7B /* MasterViewController.m in Sources */,
				27517C1E1ED8C9C700D7BB7B /* main.m in Sources */,
				27517C271ED8C9C700D7BB7B /* DetailViewController.m in Sources */,
			);
			runOnlyForDeploymentPostprocessing = 0;
		};
/* End PBXSourcesBuildPhase section */

/* Begin PBXVariantGroup section */
		27517C281ED8C9C700D7BB7B /* Main.storyboard */ = {
			isa = PBXVariantGroup;
			children = (
				27517C291ED8C9C700D7BB7B /* Base */,
			);
			name = Main.storyboard;
			sourceTree = "<group>";
		};
		27517C2D1ED8C9C700D7BB7B /* LaunchScreen.storyboard */ = {
			isa = PBXVariantGroup;
			children = (
				27517C2E1ED8C9C700D7BB7B /* Base */,
			);
			name = LaunchScreen.storyboard;
			sourceTree = "<group>";
		};
/* End PBXVariantGroup section */

/* Begin XCBuildConfiguration section */
		27517C311ED8C9C700D7BB7B /* Debug */ = {
			isa = XCBuildConfiguration;
			buildSettings = {
				ALWAYS_SEARCH_USER_PATHS = NO;
				CLANG_ANALYZER_NONNULL = YES;
				CLANG_ANALYZER_NUMBER_OBJECT_CONVERSION = YES_AGGRESSIVE;
				CLANG_CXX_LANGUAGE_STANDARD = "gnu++0x";
				CLANG_CXX_LIBRARY = "libc++";
				CLANG_ENABLE_MODULES = YES;
				CLANG_ENABLE_OBJC_ARC = YES;
				CLANG_WARN_BOOL_CONVERSION = YES;
				CLANG_WARN_CONSTANT_CONVERSION = YES;
				CLANG_WARN_DIRECT_OBJC_ISA_USAGE = YES_ERROR;
				CLANG_WARN_DOCUMENTATION_COMMENTS = YES;
				CLANG_WARN_EMPTY_BODY = YES;
				CLANG_WARN_ENUM_CONVERSION = YES;
				CLANG_WARN_INFINITE_RECURSION = YES;
				CLANG_WARN_INT_CONVERSION = YES;
				CLANG_WARN_OBJC_ROOT_CLASS = YES_ERROR;
				CLANG_WARN_SUSPICIOUS_MOVE = YES;
				CLANG_WARN_UNREACHABLE_CODE = YES;
				CLANG_WARN__DUPLICATE_METHOD_MATCH = YES;
				"CODE_SIGN_IDENTITY[sdk=iphoneos*]" = "iPhone Developer";
				COPY_PHASE_STRIP = NO;
				DEBUG_INFORMATION_FORMAT = dwarf;
				ENABLE_STRICT_OBJC_MSGSEND = YES;
				ENABLE_TESTABILITY = YES;
				GCC_C_LANGUAGE_STANDARD = gnu99;
				GCC_DYNAMIC_NO_PIC = NO;
				GCC_NO_COMMON_BLOCKS = YES;
				GCC_OPTIMIZATION_LEVEL = 0;
				GCC_PREPROCESSOR_DEFINITIONS = (
					"DEBUG=1",
					"$(inherited)",
				);
				GCC_WARN_64_TO_32_BIT_CONVERSION = YES;
				GCC_WARN_ABOUT_RETURN_TYPE = YES_ERROR;
				GCC_WARN_UNDECLARED_SELECTOR = YES;
				GCC_WARN_UNINITIALIZED_AUTOS = YES_AGGRESSIVE;
				GCC_WARN_UNUSED_FUNCTION = YES;
				GCC_WARN_UNUSED_VARIABLE = YES;
				IPHONEOS_DEPLOYMENT_TARGET = 10.3;
				MTL_ENABLE_DEBUG_INFO = YES;
				ONLY_ACTIVE_ARCH = YES;
				SDKROOT = iphoneos;
			};
			name = Debug;
		};
		27517C321ED8C9C700D7BB7B /* Release */ = {
			isa = XCBuildConfiguration;
			buildSettings = {
				ALWAYS_SEARCH_USER_PATHS = NO;
				CLANG_ANALYZER_NONNULL = YES;
				CLANG_ANALYZER_NUMBER_OBJECT_CONVERSION = YES_AGGRESSIVE;
				CLANG_CXX_LANGUAGE_STANDARD = "gnu++0x";
				CLANG_CXX_LIBRARY = "libc++";
				CLANG_ENABLE_MODULES = YES;
				CLANG_ENABLE_OBJC_ARC = YES;
				CLANG_WARN_BOOL_CONVERSION = YES;
				CLANG_WARN_CONSTANT_CONVERSION = YES;
				CLANG_WARN_DIRECT_OBJC_ISA_USAGE = YES_ERROR;
				CLANG_WARN_DOCUMENTATION_COMMENTS = YES;
				CLANG_WARN_EMPTY_BODY = YES;
				CLANG_WARN_ENUM_CONVERSION = YES;
				CLANG_WARN_INFINITE_RECURSION = YES;
				CLANG_WARN_INT_CONVERSION = YES;
				CLANG_WARN_OBJC_ROOT_CLASS = YES_ERROR;
				CLANG_WARN_SUSPICIOUS_MOVE = YES;
				CLANG_WARN_UNREACHABLE_CODE = YES;
				CLANG_WARN__DUPLICATE_METHOD_MATCH = YES;
				"CODE_SIGN_IDENTITY[sdk=iphoneos*]" = "iPhone Developer";
				COPY_PHASE_STRIP = NO;
				DEBUG_INFORMATION_FORMAT = "dwarf-with-dsym";
				ENABLE_NS_ASSERTIONS = NO;
				ENABLE_STRICT_OBJC_MSGSEND = YES;
				GCC_C_LANGUAGE_STANDARD = gnu99;
				GCC_NO_COMMON_BLOCKS = YES;
				GCC_WARN_64_TO_32_BIT_CONVERSION = YES;
				GCC_WARN_ABOUT_RETURN_TYPE = YES_ERROR;
				GCC_WARN_UNDECLARED_SELECTOR = YES;
				GCC_WARN_UNINITIALIZED_AUTOS = YES_AGGRESSIVE;
				GCC_WARN_UNUSED_FUNCTION = YES;
				GCC_WARN_UNUSED_VARIABLE = YES;
				IPHONEOS_DEPLOYMENT_TARGET = 10.3;
				MTL_ENABLE_DEBUG_INFO = NO;
				SDKROOT = iphoneos;
				VALIDATE_PRODUCT = YES;
			};
			name = Release;
		};
		27517C341ED8C9C700D7BB7B /* Debug */ = {
			isa = XCBuildConfiguration;
			buildSettings = {
				ASSETCATALOG_COMPILER_APPICON_NAME = AppIcon;
				DEVELOPMENT_TEAM = MJQW94A385;
				INFOPLIST_FILE = AddressbookDemo/Info.plist;
				LD_RUNPATH_SEARCH_PATHS = "$(inherited) @executable_path/Frameworks";
				PRODUCT_BUNDLE_IDENTIFIER = com.mcdevzone.AddressbookDemo;
				PRODUCT_NAME = "$(TARGET_NAME)";
			};
			name = Debug;
		};
		27517C351ED8C9C700D7BB7B /* Release */ = {
			isa = XCBuildConfiguration;
			buildSettings = {
				ASSETCATALOG_COMPILER_APPICON_NAME = AppIcon;
				DEVELOPMENT_TEAM = MJQW94A385;
				INFOPLIST_FILE = AddressbookDemo/Info.plist;
				LD_RUNPATH_SEARCH_PATHS = "$(inherited) @executable_path/Frameworks";
				PRODUCT_BUNDLE_IDENTIFIER = com.mcdevzone.AddressbookDemo;
				PRODUCT_NAME = "$(TARGET_NAME)";
			};
			name = Release;
		};
/* End XCBuildConfiguration section */

/* Begin XCConfigurationList section */
		27517C141ED8C9C700D7BB7B /* Build configuration list for PBXProject "AddressbookDemo" */ = {
			isa = XCConfigurationList;
			buildConfigurations = (
				27517C311ED8C9C700D7BB7B /* Debug */,
				27517C321ED8C9C700D7BB7B /* Release */,
			);
			defaultConfigurationIsVisible = 0;
			defaultConfigurationName = Release;
		};
		27517C331ED8C9C700D7BB7B /* Build configuration list for PBXNativeTarget "AddressbookDemo" */ = {
			isa = XCConfigurationList;
			buildConfigurations = (
				27517C341ED8C9C700D7BB7B /* Debug */,
				27517C351ED8C9C700D7BB7B /* Release */,
			);
			defaultConfigurationIsVisible = 0;
		};
/* End XCConfigurationList section */
	};
	rootObject = 27517C111ED8C9C700D7BB7B /* Project object */;
}
